
Microsoft Visual Studio Solution File, Format Version 12.00
# Visual Studio 14
VisualStudioVersion = 14.0.23107.0
MinimumVisualStudioVersion = 10.0.40219.1
Project("{FAE04EC0-301F-11D3-BF4B-00C04F79EFBC}") = "Doobry", "Doobry\Doobry.csproj", "{D23F1EAD-BE3B-4DC4-9BFD-9E5CAF44B8F8}"
EndProject
Project("{FAE04EC0-301F-11D3-BF4B-00C04F79EFBC}") = "Doobry.Tests", "Doobry.Tests\Doobry.Tests.csproj", "{5A56D3B8-B252-4A1A-864D-8D38DD7F524D}"
EndProject
Global
	GlobalSection(SolutionConfigurationPlatforms) = preSolution
		Debug|Any CPU = Debug|Any CPU
		Release|Any CPU = Release|Any CPU
	EndGlobalSection
	GlobalSection(ProjectConfigurationPlatforms) = postSolution
		{D23F1EAD-BE3B-4DC4-9BFD-9E5CAF44B8F8}.Debug|Any CPU.ActiveCfg = Debug|Any CPU
		{D23F1EAD-BE3B-4DC4-9BFD-9E5CAF44B8F8}.Debug|Any CPU.Build.0 = Debug|Any CPU
		{D23F1EAD-BE3B-4DC4-9BFD-9E5CAF44B8F8}.Release|Any CPU.ActiveCfg = Release|Any CPU
		{D23F1EAD-BE3B-4DC4-9BFD-9E5CAF44B8F8}.Release|Any CPU.Build.0 = Release|Any CPU
		{5A56D3B8-B252-4A1A-864D-8D38DD7F524D}.Debug|Any CPU.ActiveCfg = Debug|Any CPU
		{5A56D3B8-B252-4A1A-864D-8D38DD7F524D}.Debug|Any CPU.Build.0 = Debug|Any CPU
		{5A56D3B8-B252-4A1A-864D-8D38DD7F524D}.Release|Any CPU.ActiveCfg = Release|Any CPU
		{5A56D3B8-B252-4A1A-864D-8D38DD7F524D}.Release|Any CPU.Build.0 = Release|Any CPU
	EndGlobalSection
	GlobalSection(SolutionProperties) = preSolution
		HideSolutionNode = FALSE
	EndGlobalSection
EndGlobal
